
Microsoft Visual Studio Solution File, Format Version 12.00
# Visual Studio Version 17
VisualStudioVersion = 17.4.33205.214
MinimumVisualStudioVersion = 10.0.40219.1
Project("{9A19103F-16F7-4668-BE54-9A1E7A4F7556}") = "aplicacao_console_mysql", "aplicacao_console_mysql\aplicacao_console_mysql.csproj", "{AEB829BF-0239-4CA3-83E8-F48C5E1C52D8}"
EndProject
Project("{FAE04EC0-301F-11D3-BF4B-00C04F79EFBC}") = "web_app", "web_app\web_app.csproj", "{BE9D0EEF-7CD3-40F4-B556-CC26B6E2DFFE}"
EndProject
Project("{FAE04EC0-301F-11D3-BF4B-00C04F79EFBC}") = "negocio", "negocio\negocio.csproj", "{22CDEC97-511D-4AD9-9F13-24398534F9AD}"
EndProject
Global
	GlobalSection(SolutionConfigurationPlatforms) = preSolution
		Debug|Any CPU = Debug|Any CPU
		Release|Any CPU = Release|Any CPU
	EndGlobalSection
	GlobalSection(ProjectConfigurationPlatforms) = postSolution
		{AEB829BF-0239-4CA3-83E8-F48C5E1C52D8}.Debug|Any CPU.ActiveCfg = Debug|Any CPU
		{AEB829BF-0239-4CA3-83E8-F48C5E1C52D8}.Debug|Any CPU.Build.0 = Debug|Any CPU
		{AEB829BF-0239-4CA3-83E8-F48C5E1C52D8}.Release|Any CPU.ActiveCfg = Release|Any CPU
		{AEB829BF-0239-4CA3-83E8-F48C5E1C52D8}.Release|Any CPU.Build.0 = Release|Any CPU
		{BE9D0EEF-7CD3-40F4-B556-CC26B6E2DFFE}.Debug|Any CPU.ActiveCfg = Debug|Any CPU
		{BE9D0EEF-7CD3-40F4-B556-CC26B6E2DFFE}.Debug|Any CPU.Build.0 = Debug|Any CPU
		{BE9D0EEF-7CD3-40F4-B556-CC26B6E2DFFE}.Release|Any CPU.ActiveCfg = Release|Any CPU
		{BE9D0EEF-7CD3-40F4-B556-CC26B6E2DFFE}.Release|Any CPU.Build.0 = Release|Any CPU
		{22CDEC97-511D-4AD9-9F13-24398534F9AD}.Debug|Any CPU.ActiveCfg = Debug|Any CPU
		{22CDEC97-511D-4AD9-9F13-24398534F9AD}.Debug|Any CPU.Build.0 = Debug|Any CPU
		{22CDEC97-511D-4AD9-9F13-24398534F9AD}.Release|Any CPU.ActiveCfg = Release|Any CPU
		{22CDEC97-511D-4AD9-9F13-24398534F9AD}.Release|Any CPU.Build.0 = Release|Any CPU
	EndGlobalSection
	GlobalSection(SolutionProperties) = preSolution
		HideSolutionNode = FALSE
	EndGlobalSection
	GlobalSection(ExtensibilityGlobals) = postSolution
		SolutionGuid = {5F314A35-555A-40CD-877F-3557B6188547}
	EndGlobalSection
EndGlobal
